Microsoft Visual Studio Solution File, Format Version 12.00
Project("{FAE04EC0-301F-11D3-BF4B-00C04F79EFBC}") = "Recommendations.Api", "Api\Recommendations.Api\Recommendations.Api.csproj", "{3522242F-2A5C-409F-A308-86F3EAE803FB}"
EndProject
Project("{2150E333-8FDC-42A3-9474-1A3956D46DE8}") = "Api", "Api", "{40C16DF7-6297-4FC8-916A-6136FCECC210}"
EndProject
Project("{2150E333-8FDC-42A3-9474-1A3956D46DE8}") = "Authorization", "Authorization", "{C2D9417F-CD32-41E5-B655-2D3697081A05}"
EndProject
Project("{FAE04EC0-301F-11D3-BF4B-00C04F79EFBC}") = "Recommendations.Authorization.Api", "Authorization\Recommendations.Authorization.Api\Recommendations.Authorization.Api.csproj", "{BAE1FCC3-55DD-4A81-A313-429DD1B088F0}"
EndProject
Project("{FAE04EC0-301F-11D3-BF4B-00C04F79EFBC}") = "Recommendations.Authorization.Core", "Authorization\Recommendations.Authorization.Core\Recommendations.Authorization.Core.csproj", "{7F7AC503-996A-4C31-A255-BA03DE7FC535}"
EndProject
Project("{2150E333-8FDC-42A3-9474-1A3956D46DE8}") = "Shared", "Shared\Shared", "{FA8AFF58-F637-4733-B6DD-C23F4E28D045}"
EndProject
Project("{FAE04EC0-301F-11D3-BF4B-00C04F79EFBC}") = "Recommendations.Shared.Abstractions", "Shared\Recommendations.Shared.Abstractions\Recommendations.Shared.Abstractions.csproj", "{6BD7417A-B616-4CEC-9EEA-28C601FDC204}"
EndProject
Project("{FAE04EC0-301F-11D3-BF4B-00C04F79EFBC}") = "Recommendations.Shared.Infrastructure", "Shared\Recommendations.Shared.Infrastructure\Recommendations.Shared.Infrastructure.csproj", "{9FD8F492-4212-4283-8B0C-73D23044AB3E}"
EndProject
Project("{FAE04EC0-301F-11D3-BF4B-00C04F79EFBC}") = "Recommendations.Shared.ModuleDefinition", "Shared\Recommendations.Shared.ModuleDefinition\Recommendations.Shared.ModuleDefinition.csproj", "{80702AC6-EC32-4A30-B2BE-DA9438C72206}"
EndProject
Project("{FAE04EC0-301F-11D3-BF4B-00C04F79EFBC}") = "Recommendations.Authorization.Application", "Authorization\Recommendations.Authorization.Application\Recommendations.Authorization.Application.csproj", "{D66BA2FA-C0A2-43B9-9DF7-069D0878936E}"
EndProject
Project("{FAE04EC0-301F-11D3-BF4B-00C04F79EFBC}") = "Recommendations.Authorization.Infrastructure", "Authorization\Recommendations.Authorization.Infrastructure\Recommendations.Authorization.Infrastructure.csproj", "{2A1F3A37-BE62-43DC-B439-7BE0E92A5691}"
EndProject
Project("{FAE04EC0-301F-11D3-BF4B-00C04F79EFBC}") = "Recommendations.Authorization.Shared", "Authorization\Recommendations.Authorization.Shared\Recommendations.Authorization.Shared.csproj", "{9ABD34E2-D84E-4055-8355-E4FD4B686590}"
EndProject
Project("{2150E333-8FDC-42A3-9474-1A3956D46DE8}") = "Cart", "Cart", "{119291FF-91BC-46FF-8936-C2B684B1D56C}"
EndProject
Project("{FAE04EC0-301F-11D3-BF4B-00C04F79EFBC}") = "Recommendations.Cart.Api", "Cart\Recommendations.Cart.Api\Recommendations.Cart.Api.csproj", "{BA760967-EEFC-40CC-B7D2-794C2172CAF1}"
EndProject
Project("{FAE04EC0-301F-11D3-BF4B-00C04F79EFBC}") = "Recommendations.Cart.Core", "Cart\Recommendations.Cart.Core\Recommendations.Cart.Core.csproj", "{0E8F82A6-0957-4359-A258-157C898D334D}"
EndProject
Project("{FAE04EC0-301F-11D3-BF4B-00C04F79EFBC}") = "Recommendations.Cart.Shared", "Cart\Recommendations.Cart.Shared\Recommendations.Cart.Shared.csproj", "{E36D3181-EFC4-4149-BDDF-1F507F97D4B6}"
EndProject
Project("{FAE04EC0-301F-11D3-BF4B-00C04F79EFBC}") = "Recommendations.Cart.Application", "Cart\Recommendations.Cart.Application\Recommendations.Cart.Application.csproj", "{D8415847-DF1A-4DFE-951C-1DB9CB6130BD}"
EndProject
Project("{FAE04EC0-301F-11D3-BF4B-00C04F79EFBC}") = "Recommendations.Cart.Infrastructure", "Cart\Recommendations.Cart.Infrastructure\Recommendations.Cart.Infrastructure.csproj", "{81B53176-E40B-49DC-86A1-5EB1B21D0E97}"
EndProject
Project("{2150E333-8FDC-42A3-9474-1A3956D46DE8}") = "Dictionaries", "Dictionaries", "{8341989E-57AE-4617-9402-28A3D36E7E81}"
EndProject
Project("{FAE04EC0-301F-11D3-BF4B-00C04F79EFBC}") = "Recommendations.Dictionaries.Api", "Dictionaries\Recommendations.Dictionaries.Api\Recommendations.Dictionaries.Api.csproj", "{DA80ECE4-3497-45B6-813B-21A0E31FBA26}"
EndProject
Project("{FAE04EC0-301F-11D3-BF4B-00C04F79EFBC}") = "Recommendations.Dictionaries.Application", "Dictionaries\Recommendations.Dictionaries.Application\Recommendations.Dictionaries.Application.csproj", "{D15DD391-30F7-448F-9286-BC5C4D3B58BE}"
EndProject
Project("{FAE04EC0-301F-11D3-BF4B-00C04F79EFBC}") = "Recommendations.Dictionaries.Core", "Dictionaries\Recommendations.Dictionaries.Core\Recommendations.Dictionaries.Core.csproj", "{F6DE66BE-43F0-48F0-BB65-19C831C63FED}"
EndProject
Project("{FAE04EC0-301F-11D3-BF4B-00C04F79EFBC}") = "Recommendations.Dictionaries.Infrastructure", "Dictionaries\Recommendations.Dictionaries.Infrastructure\Recommendations.Dictionaries.Infrastructure.csproj", "{0EBB403E-A737-4F49-980B-B27F169FDBFF}"
EndProject
Project("{FAE04EC0-301F-11D3-BF4B-00C04F79EFBC}") = "Recommendations.Dictionaries.Shared", "Dictionaries\Recommendations.Dictionaries.Shared\Recommendations.Dictionaries.Shared.csproj", "{97071356-E65A-409C-BBCA-518872596759}"
EndProject
Project("{2150E333-8FDC-42A3-9474-1A3956D46DE8}") = "Purchase", "Purchase", "{0E1C294F-934B-4830-8E73-717EDF650278}"
EndProject
Project("{FAE04EC0-301F-11D3-BF4B-00C04F79EFBC}") = "Recommendations.Purchase.Api", "Purchase\Recommendations.Purchase.Api\Recommendations.Purchase.Api.csproj", "{651546AE-164E-4C41-B035-882F45DCEEB1}"
EndProject
Project("{FAE04EC0-301F-11D3-BF4B-00C04F79EFBC}") = "Recommendations.Purchase.Core", "Purchase\Recommendations.Purchase.Core\Recommendations.Purchase.Core.csproj", "{BD60DC41-5972-43EE-87AD-2E610B1CB29F}"
EndProject
Project("{FAE04EC0-301F-11D3-BF4B-00C04F79EFBC}") = "Recommendations.Purchase.Shared", "Purchase\Recommendations.Purchase.Shared\Recommendations.Purchase.Shared.csproj", "{682A821F-8D6E-4AAF-98EA-37B41D7E6C1F}"
EndProject
Project("{2150E333-8FDC-42A3-9474-1A3956D46DE8}") = "ContentBased", "ContentBased", "{E513014C-0494-4255-8246-07AB3BD2B300}"
EndProject
Project("{FAE04EC0-301F-11D3-BF4B-00C04F79EFBC}") = "Recommendations.ContentBased.Api", "ContentBased\Recommendations.ContentBased.Api\Recommendations.ContentBased.Api.csproj", "{FBA09E35-15FE-48EB-8392-0BA63F420E02}"
EndProject
Project("{FAE04EC0-301F-11D3-BF4B-00C04F79EFBC}") = "Recommendations.ContentBased.Shared", "ContentBased\Recommendations.ContentBased.Shared\Recommendations.ContentBased.Shared.csproj", "{D34525A7-B3C4-4F1D-9F68-C5302310C891}"
EndProject
Project("{FAE04EC0-301F-11D3-BF4B-00C04F79EFBC}") = "Recommendations.ContentBased.Core", "ContentBased\Recommendations.ContentBased.Core\Recommendations.ContentBased.Core.csproj", "{E2DBDF74-4E0E-4F11-A460-E598E99B02A2}"
EndProject
Project("{2150E333-8FDC-42A3-9474-1A3956D46DE8}") = "Tracking", "Tracking", "{7AE060C9-F9B0-4E7E-9658-58D903B6D911}"
EndProject
Project("{FAE04EC0-301F-11D3-BF4B-00C04F79EFBC}") = "Recommendations.Tracking.Api", "Tracking\Recommendations.Tracking.Api\Recommendations.Tracking.Api.csproj", "{91A5B3B4-2200-4FF9-B6E8-60148E41E6AC}"
EndProject
Project("{FAE04EC0-301F-11D3-BF4B-00C04F79EFBC}") = "Recommendations.Tracking.Core", "Tracking\Recommendations.Tracking.Core\Recommendations.Tracking.Core.csproj", "{E7A7E417-F341-4E69-862A-AB636C6FD082}"
EndProject
Project("{FAE04EC0-301F-11D3-BF4B-00C04F79EFBC}") = "Recommendations.Tracking.Shared", "Tracking\Recommendations.Tracking.Shared\Recommendations.Tracking.Shared.csproj", "{6C016ACC-6F2F-4CEB-A217-A23AF8AF6A29}"
EndProject
Global
	GlobalSection(SolutionConfigurationPlatforms) = preSolution
		Debug|Any CPU = Debug|Any CPU
		Release|Any CPU = Release|Any CPU
	EndGlobalSection
	GlobalSection(ProjectConfigurationPlatforms) = postSolution
		{3522242F-2A5C-409F-A308-86F3EAE803FB}.Debug|Any CPU.ActiveCfg = Debug|Any CPU
		{3522242F-2A5C-409F-A308-86F3EAE803FB}.Debug|Any CPU.Build.0 = Debug|Any CPU
		{3522242F-2A5C-409F-A308-86F3EAE803FB}.Release|Any CPU.ActiveCfg = Release|Any CPU
		{3522242F-2A5C-409F-A308-86F3EAE803FB}.Release|Any CPU.Build.0 = Release|Any CPU
		{BAE1FCC3-55DD-4A81-A313-429DD1B088F0}.Debug|Any CPU.ActiveCfg = Debug|Any CPU
		{BAE1FCC3-55DD-4A81-A313-429DD1B088F0}.Debug|Any CPU.Build.0 = Debug|Any CPU
		{BAE1FCC3-55DD-4A81-A313-429DD1B088F0}.Release|Any CPU.ActiveCfg = Release|Any CPU
		{BAE1FCC3-55DD-4A81-A313-429DD1B088F0}.Release|Any CPU.Build.0 = Release|Any CPU
		{7F7AC503-996A-4C31-A255-BA03DE7FC535}.Debug|Any CPU.ActiveCfg = Debug|Any CPU
		{7F7AC503-996A-4C31-A255-BA03DE7FC535}.Debug|Any CPU.Build.0 = Debug|Any CPU
		{7F7AC503-996A-4C31-A255-BA03DE7FC535}.Release|Any CPU.ActiveCfg = Release|Any CPU
		{7F7AC503-996A-4C31-A255-BA03DE7FC535}.Release|Any CPU.Build.0 = Release|Any CPU
		{6BD7417A-B616-4CEC-9EEA-28C601FDC204}.Debug|Any CPU.ActiveCfg = Debug|Any CPU
		{6BD7417A-B616-4CEC-9EEA-28C601FDC204}.Debug|Any CPU.Build.0 = Debug|Any CPU
		{6BD7417A-B616-4CEC-9EEA-28C601FDC204}.Release|Any CPU.ActiveCfg = Release|Any CPU
		{6BD7417A-B616-4CEC-9EEA-28C601FDC204}.Release|Any CPU.Build.0 = Release|Any CPU
		{9FD8F492-4212-4283-8B0C-73D23044AB3E}.Debug|Any CPU.ActiveCfg = Debug|Any CPU
		{9FD8F492-4212-4283-8B0C-73D23044AB3E}.Debug|Any CPU.Build.0 = Debug|Any CPU
		{9FD8F492-4212-4283-8B0C-73D23044AB3E}.Release|Any CPU.ActiveCfg = Release|Any CPU
		{9FD8F492-4212-4283-8B0C-73D23044AB3E}.Release|Any CPU.Build.0 = Release|Any CPU
		{80702AC6-EC32-4A30-B2BE-DA9438C72206}.Debug|Any CPU.ActiveCfg = Debug|Any CPU
		{80702AC6-EC32-4A30-B2BE-DA9438C72206}.Debug|Any CPU.Build.0 = Debug|Any CPU
		{80702AC6-EC32-4A30-B2BE-DA9438C72206}.Release|Any CPU.ActiveCfg = Release|Any CPU
		{80702AC6-EC32-4A30-B2BE-DA9438C72206}.Release|Any CPU.Build.0 = Release|Any CPU
		{D66BA2FA-C0A2-43B9-9DF7-069D0878936E}.Debug|Any CPU.ActiveCfg = Debug|Any CPU
		{D66BA2FA-C0A2-43B9-9DF7-069D0878936E}.Debug|Any CPU.Build.0 = Debug|Any CPU
		{D66BA2FA-C0A2-43B9-9DF7-069D0878936E}.Release|Any CPU.ActiveCfg = Release|Any CPU
		{D66BA2FA-C0A2-43B9-9DF7-069D0878936E}.Release|Any CPU.Build.0 = Release|Any CPU
		{2A1F3A37-BE62-43DC-B439-7BE0E92A5691}.Debug|Any CPU.ActiveCfg = Debug|Any CPU
		{2A1F3A37-BE62-43DC-B439-7BE0E92A5691}.Debug|Any CPU.Build.0 = Debug|Any CPU
		{2A1F3A37-BE62-43DC-B439-7BE0E92A5691}.Release|Any CPU.ActiveCfg = Release|Any CPU
		{2A1F3A37-BE62-43DC-B439-7BE0E92A5691}.Release|Any CPU.Build.0 = Release|Any CPU
		{9ABD34E2-D84E-4055-8355-E4FD4B686590}.Debug|Any CPU.ActiveCfg = Debug|Any CPU
		{9ABD34E2-D84E-4055-8355-E4FD4B686590}.Debug|Any CPU.Build.0 = Debug|Any CPU
		{9ABD34E2-D84E-4055-8355-E4FD4B686590}.Release|Any CPU.ActiveCfg = Release|Any CPU
		{9ABD34E2-D84E-4055-8355-E4FD4B686590}.Release|Any CPU.Build.0 = Release|Any CPU
		{BA760967-EEFC-40CC-B7D2-794C2172CAF1}.Debug|Any CPU.ActiveCfg = Debug|Any CPU
		{BA760967-EEFC-40CC-B7D2-794C2172CAF1}.Debug|Any CPU.Build.0 = Debug|Any CPU
		{BA760967-EEFC-40CC-B7D2-794C2172CAF1}.Release|Any CPU.ActiveCfg = Release|Any CPU
		{BA760967-EEFC-40CC-B7D2-794C2172CAF1}.Release|Any CPU.Build.0 = Release|Any CPU
		{0E8F82A6-0957-4359-A258-157C898D334D}.Debug|Any CPU.ActiveCfg = Debug|Any CPU
		{0E8F82A6-0957-4359-A258-157C898D334D}.Debug|Any CPU.Build.0 = Debug|Any CPU
		{0E8F82A6-0957-4359-A258-157C898D334D}.Release|Any CPU.ActiveCfg = Release|Any CPU
		{0E8F82A6-0957-4359-A258-157C898D334D}.Release|Any CPU.Build.0 = Release|Any CPU
		{E36D3181-EFC4-4149-BDDF-1F507F97D4B6}.Debug|Any CPU.ActiveCfg = Debug|Any CPU
		{E36D3181-EFC4-4149-BDDF-1F507F97D4B6}.Debug|Any CPU.Build.0 = Debug|Any CPU
		{E36D3181-EFC4-4149-BDDF-1F507F97D4B6}.Release|Any CPU.ActiveCfg = Release|Any CPU
		{E36D3181-EFC4-4149-BDDF-1F507F97D4B6}.Release|Any CPU.Build.0 = Release|Any CPU
		{D8415847-DF1A-4DFE-951C-1DB9CB6130BD}.Debug|Any CPU.ActiveCfg = Debug|Any CPU
		{D8415847-DF1A-4DFE-951C-1DB9CB6130BD}.Debug|Any CPU.Build.0 = Debug|Any CPU
		{D8415847-DF1A-4DFE-951C-1DB9CB6130BD}.Release|Any CPU.ActiveCfg = Release|Any CPU
		{D8415847-DF1A-4DFE-951C-1DB9CB6130BD}.Release|Any CPU.Build.0 = Release|Any CPU
		{81B53176-E40B-49DC-86A1-5EB1B21D0E97}.Debug|Any CPU.ActiveCfg = Debug|Any CPU
		{81B53176-E40B-49DC-86A1-5EB1B21D0E97}.Debug|Any CPU.Build.0 = Debug|Any CPU
		{81B53176-E40B-49DC-86A1-5EB1B21D0E97}.Release|Any CPU.ActiveCfg = Release|Any CPU
		{81B53176-E40B-49DC-86A1-5EB1B21D0E97}.Release|Any CPU.Build.0 = Release|Any CPU
		{DA80ECE4-3497-45B6-813B-21A0E31FBA26}.Debug|Any CPU.ActiveCfg = Debug|Any CPU
		{DA80ECE4-3497-45B6-813B-21A0E31FBA26}.Debug|Any CPU.Build.0 = Debug|Any CPU
		{DA80ECE4-3497-45B6-813B-21A0E31FBA26}.Release|Any CPU.ActiveCfg = Release|Any CPU
		{DA80ECE4-3497-45B6-813B-21A0E31FBA26}.Release|Any CPU.Build.0 = Release|Any CPU
		{D15DD391-30F7-448F-9286-BC5C4D3B58BE}.Debug|Any CPU.ActiveCfg = Debug|Any CPU
		{D15DD391-30F7-448F-9286-BC5C4D3B58BE}.Debug|Any CPU.Build.0 = Debug|Any CPU
		{D15DD391-30F7-448F-9286-BC5C4D3B58BE}.Release|Any CPU.ActiveCfg = Release|Any CPU
		{D15DD391-30F7-448F-9286-BC5C4D3B58BE}.Release|Any CPU.Build.0 = Release|Any CPU
		{F6DE66BE-43F0-48F0-BB65-19C831C63FED}.Debug|Any CPU.ActiveCfg = Debug|Any CPU
		{F6DE66BE-43F0-48F0-BB65-19C831C63FED}.Debug|Any CPU.Build.0 = Debug|Any CPU
		{F6DE66BE-43F0-48F0-BB65-19C831C63FED}.Release|Any CPU.ActiveCfg = Release|Any CPU
		{F6DE66BE-43F0-48F0-BB65-19C831C63FED}.Release|Any CPU.Build.0 = Release|Any CPU
		{0EBB403E-A737-4F49-980B-B27F169FDBFF}.Debug|Any CPU.ActiveCfg = Debug|Any CPU
		{0EBB403E-A737-4F49-980B-B27F169FDBFF}.Debug|Any CPU.Build.0 = Debug|Any CPU
		{0EBB403E-A737-4F49-980B-B27F169FDBFF}.Release|Any CPU.ActiveCfg = Release|Any CPU
		{0EBB403E-A737-4F49-980B-B27F169FDBFF}.Release|Any CPU.Build.0 = Release|Any CPU
		{97071356-E65A-409C-BBCA-518872596759}.Debug|Any CPU.ActiveCfg = Debug|Any CPU
		{97071356-E65A-409C-BBCA-518872596759}.Debug|Any CPU.Build.0 = Debug|Any CPU
		{97071356-E65A-409C-BBCA-518872596759}.Release|Any CPU.ActiveCfg = Release|Any CPU
		{97071356-E65A-409C-BBCA-518872596759}.Release|Any CPU.Build.0 = Release|Any CPU
		{651546AE-164E-4C41-B035-882F45DCEEB1}.Debug|Any CPU.ActiveCfg = Debug|Any CPU
		{651546AE-164E-4C41-B035-882F45DCEEB1}.Debug|Any CPU.Build.0 = Debug|Any CPU
		{651546AE-164E-4C41-B035-882F45DCEEB1}.Release|Any CPU.ActiveCfg = Release|Any CPU
		{651546AE-164E-4C41-B035-882F45DCEEB1}.Release|Any CPU.Build.0 = Release|Any CPU
		{BD60DC41-5972-43EE-87AD-2E610B1CB29F}.Debug|Any CPU.ActiveCfg = Debug|Any CPU
		{BD60DC41-5972-43EE-87AD-2E610B1CB29F}.Debug|Any CPU.Build.0 = Debug|Any CPU
		{BD60DC41-5972-43EE-87AD-2E610B1CB29F}.Release|Any CPU.ActiveCfg = Release|Any CPU
		{BD60DC41-5972-43EE-87AD-2E610B1CB29F}.Release|Any CPU.Build.0 = Release|Any CPU
		{682A821F-8D6E-4AAF-98EA-37B41D7E6C1F}.Debug|Any CPU.ActiveCfg = Debug|Any CPU
		{682A821F-8D6E-4AAF-98EA-37B41D7E6C1F}.Debug|Any CPU.Build.0 = Debug|Any CPU
		{682A821F-8D6E-4AAF-98EA-37B41D7E6C1F}.Release|Any CPU.ActiveCfg = Release|Any CPU
		{682A821F-8D6E-4AAF-98EA-37B41D7E6C1F}.Release|Any CPU.Build.0 = Release|Any CPU
		{FBA09E35-15FE-48EB-8392-0BA63F420E02}.Debug|Any CPU.ActiveCfg = Debug|Any CPU
		{FBA09E35-15FE-48EB-8392-0BA63F420E02}.Debug|Any CPU.Build.0 = Debug|Any CPU
		{FBA09E35-15FE-48EB-8392-0BA63F420E02}.Release|Any CPU.ActiveCfg = Release|Any CPU
		{FBA09E35-15FE-48EB-8392-0BA63F420E02}.Release|Any CPU.Build.0 = Release|Any CPU
		{D34525A7-B3C4-4F1D-9F68-C5302310C891}.Debug|Any CPU.ActiveCfg = Debug|Any CPU
		{D34525A7-B3C4-4F1D-9F68-C5302310C891}.Debug|Any CPU.Build.0 = Debug|Any CPU
		{D34525A7-B3C4-4F1D-9F68-C5302310C891}.Release|Any CPU.ActiveCfg = Release|Any CPU
		{D34525A7-B3C4-4F1D-9F68-C5302310C891}.Release|Any CPU.Build.0 = Release|Any CPU
		{E2DBDF74-4E0E-4F11-A460-E598E99B02A2}.Debug|Any CPU.ActiveCfg = Debug|Any CPU
		{E2DBDF74-4E0E-4F11-A460-E598E99B02A2}.Debug|Any CPU.Build.0 = Debug|Any CPU
		{E2DBDF74-4E0E-4F11-A460-E598E99B02A2}.Release|Any CPU.ActiveCfg = Release|Any CPU
		{E2DBDF74-4E0E-4F11-A460-E598E99B02A2}.Release|Any CPU.Build.0 = Release|Any CPU
		{91A5B3B4-2200-4FF9-B6E8-60148E41E6AC}.Debug|Any CPU.ActiveCfg = Debug|Any CPU
		{91A5B3B4-2200-4FF9-B6E8-60148E41E6AC}.Debug|Any CPU.Build.0 = Debug|Any CPU
		{91A5B3B4-2200-4FF9-B6E8-60148E41E6AC}.Release|Any CPU.ActiveCfg = Release|Any CPU
		{91A5B3B4-2200-4FF9-B6E8-60148E41E6AC}.Release|Any CPU.Build.0 = Release|Any CPU
		{E7A7E417-F341-4E69-862A-AB636C6FD082}.Debug|Any CPU.ActiveCfg = Debug|Any CPU
		{E7A7E417-F341-4E69-862A-AB636C6FD082}.Debug|Any CPU.Build.0 = Debug|Any CPU
		{E7A7E417-F341-4E69-862A-AB636C6FD082}.Release|Any CPU.ActiveCfg = Release|Any CPU
		{E7A7E417-F341-4E69-862A-AB636C6FD082}.Release|Any CPU.Build.0 = Release|Any CPU
		{6C016ACC-6F2F-4CEB-A217-A23AF8AF6A29}.Debug|Any CPU.ActiveCfg = Debug|Any CPU
		{6C016ACC-6F2F-4CEB-A217-A23AF8AF6A29}.Debug|Any CPU.Build.0 = Debug|Any CPU
		{6C016ACC-6F2F-4CEB-A217-A23AF8AF6A29}.Release|Any CPU.ActiveCfg = Release|Any CPU
		{6C016ACC-6F2F-4CEB-A217-A23AF8AF6A29}.Release|Any CPU.Build.0 = Release|Any CPU
	EndGlobalSection
	GlobalSection(NestedProjects) = preSolution
		{3522242F-2A5C-409F-A308-86F3EAE803FB} = {40C16DF7-6297-4FC8-916A-6136FCECC210}
		{BAE1FCC3-55DD-4A81-A313-429DD1B088F0} = {C2D9417F-CD32-41E5-B655-2D3697081A05}
		{7F7AC503-996A-4C31-A255-BA03DE7FC535} = {C2D9417F-CD32-41E5-B655-2D3697081A05}
		{6BD7417A-B616-4CEC-9EEA-28C601FDC204} = {FA8AFF58-F637-4733-B6DD-C23F4E28D045}
		{9FD8F492-4212-4283-8B0C-73D23044AB3E} = {FA8AFF58-F637-4733-B6DD-C23F4E28D045}
		{80702AC6-EC32-4A30-B2BE-DA9438C72206} = {FA8AFF58-F637-4733-B6DD-C23F4E28D045}
		{D66BA2FA-C0A2-43B9-9DF7-069D0878936E} = {C2D9417F-CD32-41E5-B655-2D3697081A05}
		{2A1F3A37-BE62-43DC-B439-7BE0E92A5691} = {C2D9417F-CD32-41E5-B655-2D3697081A05}
		{9ABD34E2-D84E-4055-8355-E4FD4B686590} = {C2D9417F-CD32-41E5-B655-2D3697081A05}
		{BA760967-EEFC-40CC-B7D2-794C2172CAF1} = {119291FF-91BC-46FF-8936-C2B684B1D56C}
		{0E8F82A6-0957-4359-A258-157C898D334D} = {119291FF-91BC-46FF-8936-C2B684B1D56C}
		{E36D3181-EFC4-4149-BDDF-1F507F97D4B6} = {119291FF-91BC-46FF-8936-C2B684B1D56C}
		{D8415847-DF1A-4DFE-951C-1DB9CB6130BD} = {119291FF-91BC-46FF-8936-C2B684B1D56C}
		{81B53176-E40B-49DC-86A1-5EB1B21D0E97} = {119291FF-91BC-46FF-8936-C2B684B1D56C}
		{DA80ECE4-3497-45B6-813B-21A0E31FBA26} = {8341989E-57AE-4617-9402-28A3D36E7E81}
		{D15DD391-30F7-448F-9286-BC5C4D3B58BE} = {8341989E-57AE-4617-9402-28A3D36E7E81}
		{F6DE66BE-43F0-48F0-BB65-19C831C63FED} = {8341989E-57AE-4617-9402-28A3D36E7E81}
		{0EBB403E-A737-4F49-980B-B27F169FDBFF} = {8341989E-57AE-4617-9402-28A3D36E7E81}
		{97071356-E65A-409C-BBCA-518872596759} = {8341989E-57AE-4617-9402-28A3D36E7E81}
		{651546AE-164E-4C41-B035-882F45DCEEB1} = {0E1C294F-934B-4830-8E73-717EDF650278}
		{BD60DC41-5972-43EE-87AD-2E610B1CB29F} = {0E1C294F-934B-4830-8E73-717EDF650278}
		{682A821F-8D6E-4AAF-98EA-37B41D7E6C1F} = {0E1C294F-934B-4830-8E73-717EDF650278}
		{FBA09E35-15FE-48EB-8392-0BA63F420E02} = {E513014C-0494-4255-8246-07AB3BD2B300}
		{D34525A7-B3C4-4F1D-9F68-C5302310C891} = {E513014C-0494-4255-8246-07AB3BD2B300}
		{E2DBDF74-4E0E-4F11-A460-E598E99B02A2} = {E513014C-0494-4255-8246-07AB3BD2B300}
		{91A5B3B4-2200-4FF9-B6E8-60148E41E6AC} = {7AE060C9-F9B0-4E7E-9658-58D903B6D911}
		{E7A7E417-F341-4E69-862A-AB636C6FD082} = {7AE060C9-F9B0-4E7E-9658-58D903B6D911}
		{6C016ACC-6F2F-4CEB-A217-A23AF8AF6A29} = {7AE060C9-F9B0-4E7E-9658-58D903B6D911}
	EndGlobalSection
EndGlobal
